
Microsoft Visual Studio Solution File, Format Version 12.00
# Visual Studio Version 16
VisualStudioVersion = 16.0.30002.166
MinimumVisualStudioVersion = 10.0.40219.1
Project("{9A19103F-16F7-4668-BE54-9A1E7A4F7556}") = "EmployeeManagement", "EmployeeManagement\EmployeeManagement.csproj", "{5B040D35-D451-455C-B45B-215FA34B9470}"
EndProject
Global
	GlobalSection(SolutionConfigurationPlatforms) = preSolution
		Debug|Any CPU = Debug|Any CPU
		Release|Any CPU = Release|Any CPU
	EndGlobalSection
	GlobalSection(ProjectConfigurationPlatforms) = postSolution
		{5B040D35-D451-455C-B45B-215FA34B9470}.Debug|Any CPU.ActiveCfg = Debug|Any CPU
		{5B040D35-D451-455C-B45B-215FA34B9470}.Debug|Any CPU.Build.0 = Debug|Any CPU
		{5B040D35-D451-455C-B45B-215FA34B9470}.Release|Any CPU.ActiveCfg = Release|Any CPU
		{5B040D35-D451-455C-B45B-215FA34B9470}.Release|Any CPU.Build.0 = Release|Any CPU
	EndGlobalSection
	GlobalSection(SolutionProperties) = preSolution
		HideSolutionNode = FALSE
	EndGlobalSection
	GlobalSection(ExtensibilityGlobals) = postSolution
		SolutionGuid = {62A40968-DD7C-4ECF-917F-8332874EE94C}
	EndGlobalSection
EndGlobal
